// !$*UTF8*$!
{
	archiveVersion = 1;
	classes = {
	};
	objectVersion = 55;
	objects = {

/* Begin PBXBuildFile section */
		B000AAFF278106D200A74536 /* Post.swift in Sources */ = {isa = PBXBuildFile; fileRef = B000AAFE278106D200A74536 /* Post.swift */; };
		B000AB012781510700A74536 /* DataTemplate.swift in Sources */ = {isa = PBXBuildFile; fileRef = B000AB002781510700A74536 /* DataTemplate.swift */; };
		B000AB032781588000A74536 /* MessageView.swift in Sources */ = {isa = PBXBuildFile; fileRef = B000AB022781588000A74536 /* MessageView.swift */; };
		B0280E5B2780C9DF0080A259 /* Icon.swift in Sources */ = {isa = PBXBuildFile; fileRef = B0280E5A2780C9DF0080A259 /* Icon.swift */; };
		B0280E5D2780CBDF0080A259 /* ProfilView.swift in Sources */ = {isa = PBXBuildFile; fileRef = B0280E5C2780CBDF0080A259 /* ProfilView.swift */; };
		B07994B7277FD38F00E69ED8 /* InstagramCloneApp.swift in Sources */ = {isa = PBXBuildFile; fileRef = B07994B6277FD38F00E69ED8 /* InstagramCloneApp.swift */; };
		B07994B9277FD38F00E69ED8 /* ContentView.swift in Sources */ = {isa = PBXBuildFile; fileRef = B07994B8277FD38F00E69ED8 /* ContentView.swift */; };
		B07994BB277FD39100E69ED8 /* Assets.xcassets in Resources */ = {isa = PBXBuildFile; fileRef = B07994BA277FD39100E69ED8 /* Assets.xcassets */; };
		B07994BE277FD39100E69ED8 /* Preview Assets.xcassets in Resources */ = {isa = PBXBuildFile; fileRef = B07994BD277FD39100E69ED8 /* Preview Assets.xcassets */; };
		B07994C8277FD87100E69ED8 /* TopBar.swift in Sources */ = {isa = PBXBuildFile; fileRef = B07994C7277FD87100E69ED8 /* TopBar.swift */; };
		B07994CA277FD9A400E69ED8 /* StorieItem.swift in Sources */ = {isa = PBXBuildFile; fileRef = B07994C9277FD9A400E69ED8 /* StorieItem.swift */; };
		B07994CC277FDBE200E69ED8 /* Stories.swift in Sources */ = {isa = PBXBuildFile; fileRef = B07994CB277FDBE200E69ED8 /* Stories.swift */; };
/* End PBXBuildFile section */

/* Begin PBXFileReference section */
		B000AAFE278106D200A74536 /* Post.swift */ = {isa = PBXFileReference; lastKnownFileType = sourcecode.swift; path = Post.swift; sourceTree = "<group>"; };
		B000AB002781510700A74536 /* DataTemplate.swift */ = {isa = PBXFileReference; lastKnownFileType = sourcecode.swift; path = DataTemplate.swift; sourceTree = "<group>"; };
		B000AB022781588000A74536 /* MessageView.swift */ = {isa = PBXFileReference; lastKnownFileType = sourcecode.swift; path = MessageView.swift; sourceTree = "<group>"; };
		B0280E5A2780C9DF0080A259 /* Icon.swift */ = {isa = PBXFileReference; lastKnownFileType = sourcecode.swift; path = Icon.swift; sourceTree = "<group>"; };
		B0280E5C2780CBDF0080A259 /* ProfilView.swift */ = {isa = PBXFileReference; lastKnownFileType = sourcecode.swift; path = ProfilView.swift; sourceTree = "<group>"; };
		B07994B3277FD38F00E69ED8 /* InstagramClone.app */ = {isa = PBXFileReference; explicitFileType = wrapper.application; includeInIndex = 0; path = InstagramClone.app; sourceTree = BUILT_PRODUCTS_DIR; };
		B07994B6277FD38F00E69ED8 /* InstagramCloneApp.swift */ = {isa = PBXFileReference; lastKnownFileType = sourcecode.swift; path = InstagramCloneApp.swift; sourceTree = "<group>"; };
		B07994B8277FD38F00E69ED8 /* ContentView.swift */ = {isa = PBXFileReference; lastKnownFileType = sourcecode.swift; path = ContentView.swift; sourceTree = "<group>"; };
		B07994BA277FD39100E69ED8 /* Assets.xcassets */ = {isa = PBXFileReference; lastKnownFileType = folder.assetcatalog; path = Assets.xcassets; sourceTree = "<group>"; };
		B07994BD277FD39100E69ED8 /* Preview Assets.xcassets */ = {isa = PBXFileReference; lastKnownFileType = folder.assetcatalog; path = "Preview Assets.xcassets"; sourceTree = "<group>"; };
		B07994C7277FD87100E69ED8 /* TopBar.swift */ = {isa = PBXFileReference; lastKnownFileType = sourcecode.swift; path = TopBar.swift; sourceTree = "<group>"; };
		B07994C9277FD9A400E69ED8 /* StorieItem.swift */ = {isa = PBXFileReference; lastKnownFileType = sourcecode.swift; path = StorieItem.swift; sourceTree = "<group>"; };
		B07994CB277FDBE200E69ED8 /* Stories.swift */ = {isa = PBXFileReference; lastKnownFileType = sourcecode.swift; path = Stories.swift; sourceTree = "<group>"; };
/* End PBXFileReference section */

/* Begin PBXFrameworksBuildPhase section */
		B07994B0277FD38F00E69ED8 /* Frameworks */ = {
			isa = PBXFrameworksBuildPhase;
			buildActionMask = 2147483647;
			files = (
			);
			runOnlyForDeploymentPostprocessing = 0;
		};
/* End PBXFrameworksBuildPhase section */

/* Begin PBXGroup section */
		B07994AA277FD38F00E69ED8 = {
			isa = PBXGroup;
			children = (
				B07994B5277FD38F00E69ED8 /* InstagramClone */,
				B07994B4277FD38F00E69ED8 /* Products */,
			);
			sourceTree = "<group>";
		};
		B07994B4277FD38F00E69ED8 /* Products */ = {
			isa = PBXGroup;
			children = (
				B07994B3277FD38F00E69ED8 /* InstagramClone.app */,
			);
			name = Products;
			sourceTree = "<group>";
		};
		B07994B5277FD38F00E69ED8 /* InstagramClone */ = {
			isa = PBXGroup;
			children = (
				B07994C4277FD74500E69ED8 /* Components */,
				B07994B6277FD38F00E69ED8 /* InstagramCloneApp.swift */,
				B07994B8277FD38F00E69ED8 /* ContentView.swift */,
				B0280E5C2780CBDF0080A259 /* ProfilView.swift */,
				B07994BA277FD39100E69ED8 /* Assets.xcassets */,
				B07994BC277FD39100E69ED8 /* Preview Content */,
				B000AB002781510700A74536 /* DataTemplate.swift */,
				B000AB022781588000A74536 /* MessageView.swift */,
			);
			path = InstagramClone;
			sourceTree = "<group>";
		};
		B07994BC277FD39100E69ED8 /* Preview Content */ = {
			isa = PBXGroup;
			children = (
				B07994BD277FD39100E69ED8 /* Preview Assets.xcassets */,
			);
			path = "Preview Content";
			sourceTree = "<group>";
		};
		B07994C4277FD74500E69ED8 /* Components */ = {
			isa = PBXGroup;
			children = (
				B07994C7277FD87100E69ED8 /* TopBar.swift */,
				B07994C9277FD9A400E69ED8 /* StorieItem.swift */,
				B07994CB277FDBE200E69ED8 /* Stories.swift */,
				B0280E5A2780C9DF0080A259 /* Icon.swift */,
				B000AAFE278106D200A74536 /* Post.swift */,
			);
			path = Components;
			sourceTree = "<group>";
		};
/* End PBXGroup section */

/* Begin PBXNativeTarget section */
		B07994B2277FD38F00E69ED8 /* InstagramClone */ = {
			isa = PBXNativeTarget;
			buildConfigurationList = B07994C1277FD39100E69ED8 /* Build configuration list for PBXNativeTarget "InstagramClone" */;
			buildPhases = (
				B07994AF277FD38F00E69ED8 /* Sources */,
				B07994B0277FD38F00E69ED8 /* Frameworks */,
				B07994B1277FD38F00E69ED8 /* Resources */,
			);
			buildRules = (
			);
			dependencies = (
			);
			name = InstagramClone;
			productName = InstagramClone;
			productReference = B07994B3277FD38F00E69ED8 /* InstagramClone.app */;
			productType = "com.apple.product-type.application";
		};
/* End PBXNativeTarget section */

/* Begin PBXProject section */
		B07994AB277FD38F00E69ED8 /* Project object */ = {
			isa = PBXProject;
			attributes = {
				BuildIndependentTargetsInParallel = 1;
				LastSwiftUpdateCheck = 1320;
				LastUpgradeCheck = 1320;
				TargetAttributes = {
					B07994B2277FD38F00E69ED8 = {
						CreatedOnToolsVersion = 13.2.1;
					};
				};
			};
			buildConfigurationList = B07994AE277FD38F00E69ED8 /* Build configuration list for PBXProject "InstagramClone" */;
			compatibilityVersion = "Xcode 13.0";
			developmentRegion = en;
			hasScannedForEncodings = 0;
			knownRegions = (
				en,
				Base,
			);
			mainGroup = B07994AA277FD38F00E69ED8;
			productRefGroup = B07994B4277FD38F00E69ED8 /* Products */;
			projectDirPath = "";
			projectRoot = "";
			targets = (
				B07994B2277FD38F00E69ED8 /* InstagramClone */,
			);
		};
/* End PBXProject section */

/* Begin PBXResourcesBuildPhase section */
		B07994B1277FD38F00E69ED8 /* Resources */ = {
			isa = PBXResourcesBuildPhase;
			buildActionMask = 2147483647;
			files = (
				B07994BE277FD39100E69ED8 /* Preview Assets.xcassets in Resources */,
				B07994BB277FD39100E69ED8 /* Assets.xcassets in Resources */,
			);
			runOnlyForDeploymentPostprocessing = 0;
		};
/* End PBXResourcesBuildPhase section */

/* Begin PBXSourcesBuildPhase section */
		B07994AF277FD38F00E69ED8 /* Sources */ = {
			isa = PBXSourcesBuildPhase;
			buildActionMask = 2147483647;
			files = (
				B07994CA277FD9A400E69ED8 /* StorieItem.swift in Sources */,
				B0280E5D2780CBDF0080A259 /* ProfilView.swift in Sources */,
				B0280E5B2780C9DF0080A259 /* Icon.swift in Sources */,
				B000AAFF278106D200A74536 /* Post.swift in Sources */,
				B000AB032781588000A74536 /* MessageView.swift in Sources */,
				B07994B9277FD38F00E69ED8 /* ContentView.swift in Sources */,
				B07994CC277FDBE200E69ED8 /* Stories.swift in Sources */,
				B07994B7277FD38F00E69ED8 /* InstagramCloneApp.swift in Sources */,
				B07994C8277FD87100E69ED8 /* TopBar.swift in Sources */,
				B000AB012781510700A74536 /* DataTemplate.swift in Sources */,
			);
			runOnlyForDeploymentPostprocessing = 0;
		};
/* End PBXSourcesBuildPhase section */

/* Begin XCBuildConfiguration section */
		B07994BF277FD39100E69ED8 /* Debug */ = {
			isa = XCBuildConfiguration;
			buildSettings = {
				ALWAYS_SEARCH_USER_PATHS = NO;
				CLANG_ANALYZER_NONNULL = YES;
				CLANG_ANALYZER_NUMBER_OBJECT_CONVERSION = YES_AGGRESSIVE;
				CLANG_CXX_LANGUAGE_STANDARD = "gnu++17";
				CLANG_CXX_LIBRARY = "libc++";
				CLANG_ENABLE_MODULES = YES;
				CLANG_ENABLE_OBJC_ARC = YES;
				CLANG_ENABLE_OBJC_WEAK = YES;
				CLANG_WARN_BLOCK_CAPTURE_AUTORELEASING = YES;
				CLANG_WARN_BOOL_CONVERSION = YES;
				CLANG_WARN_COMMA = YES;
				CLANG_WARN_CONSTANT_CONVERSION = YES;
				CLANG_WARN_DEPRECATED_OBJC_IMPLEMENTATIONS = YES;
				CLANG_WARN_DIRECT_OBJC_ISA_USAGE = YES_ERROR;
				CLANG_WARN_DOCUMENTATION_COMMENTS = YES;
				CLANG_WARN_EMPTY_BODY = YES;
				CLANG_WARN_ENUM_CONVERSION = YES;
				CLANG_WARN_INFINITE_RECURSION = YES;
				CLANG_WARN_INT_CONVERSION = YES;
				CLANG_WARN_NON_LITERAL_NULL_CONVERSION = YES;
				CLANG_WARN_OBJC_IMPLICIT_RETAIN_SELF = YES;
				CLANG_WARN_OBJC_LITERAL_CONVERSION = YES;
				CLANG_WARN_OBJC_ROOT_CLASS = YES_ERROR;
				CLANG_WARN_QUOTED_INCLUDE_IN_FRAMEWORK_HEADER = YES;
				CLANG_WARN_RANGE_LOOP_ANALYSIS = YES;
				CLANG_WARN_STRICT_PROTOTYPES = YES;
				CLANG_WARN_SUSPICIOUS_MOVE = YES;
				CLANG_WARN_UNGUARDED_AVAILABILITY = YES_AGGRESSIVE;
				CLANG_WARN_UNREACHABLE_CODE = YES;
				CLANG_WARN__DUPLICATE_METHOD_MATCH = YES;
				COPY_PHASE_STRIP = NO;
				DEBUG_INFORMATION_FORMAT = dwarf;
				ENABLE_STRICT_OBJC_MSGSEND = YES;
				ENABLE_TESTABILITY = YES;
				GCC_C_LANGUAGE_STANDARD = gnu11;
				GCC_DYNAMIC_NO_PIC = NO;
				GCC_NO_COMMON_BLOCKS = YES;
				GCC_OPTIMIZATION_LEVEL = 0;
				GCC_PREPROCESSOR_DEFINITIONS = (
					"DEBUG=1",
					"$(inherited)",
				);
				GCC_WARN_64_TO_32_BIT_CONVERSION = YES;
				GCC_WARN_ABOUT_RETURN_TYPE = YES_ERROR;
				GCC_WARN_UNDECLARED_SELECTOR = YES;
				GCC_WARN_UNINITIALIZED_AUTOS = YES_AGGRESSIVE;
				GCC_WARN_UNUSED_FUNCTION = YES;
				GCC_WARN_UNUSED_VARIABLE = YES;
				IPHONEOS_DEPLOYMENT_TARGET = 15.2;
				MTL_ENABLE_DEBUG_INFO = INCLUDE_SOURCE;
				MTL_FAST_MATH = YES;
				ONLY_ACTIVE_ARCH = YES;
				SDKROOT = iphoneos;
				SWIFT_ACTIVE_COMPILATION_CONDITIONS = DEBUG;
				SWIFT_OPTIMIZATION_LEVEL = "-Onone";
			};
			name = Debug;
		};
		B07994C0277FD39100E69ED8 /* Release */ = {
			isa = XCBuildConfiguration;
			buildSettings = {
				ALWAYS_SEARCH_USER_PATHS = NO;
				CLANG_ANALYZER_NONNULL = YES;
				CLANG_ANALYZER_NUMBER_OBJECT_CONVERSION = YES_AGGRESSIVE;
				CLANG_CXX_LANGUAGE_STANDARD = "gnu++17";
				CLANG_CXX_LIBRARY = "libc++";
				CLANG_ENABLE_MODULES = YES;
				CLANG_ENABLE_OBJC_ARC = YES;
				CLANG_ENABLE_OBJC_WEAK = YES;
				CLANG_WARN_BLOCK_CAPTURE_AUTORELEASING = YES;
				CLANG_WARN_BOOL_CONVERSION = YES;
				CLANG_WARN_COMMA = YES;
				CLANG_WARN_CONSTANT_CONVERSION = YES;
				CLANG_WARN_DEPRECATED_OBJC_IMPLEMENTATIONS = YES;
				CLANG_WARN_DIRECT_OBJC_ISA_USAGE = YES_ERROR;
				CLANG_WARN_DOCUMENTATION_COMMENTS = YES;
				CLANG_WARN_EMPTY_BODY = YES;
				CLANG_WARN_ENUM_CONVERSION = YES;
				CLANG_WARN_INFINITE_RECURSION = YES;
				CLANG_WARN_INT_CONVERSION = YES;
				CLANG_WARN_NON_LITERAL_NULL_CONVERSION = YES;
				CLANG_WARN_OBJC_IMPLICIT_RETAIN_SELF = YES;
				CLANG_WARN_OBJC_LITERAL_CONVERSION = YES;
				CLANG_WARN_OBJC_ROOT_CLASS = YES_ERROR;
				CLANG_WARN_QUOTED_INCLUDE_IN_FRAMEWORK_HEADER = YES;
				CLANG_WARN_RANGE_LOOP_ANALYSIS = YES;
				CLANG_WARN_STRICT_PROTOTYPES = YES;
				CLANG_WARN_SUSPICIOUS_MOVE = YES;
				CLANG_WARN_UNGUARDED_AVAILABILITY = YES_AGGRESSIVE;
				CLANG_WARN_UNREACHABLE_CODE = YES;
				CLANG_WARN__DUPLICATE_METHOD_MATCH = YES;
				COPY_PHASE_STRIP = NO;
				DEBUG_INFORMATION_FORMAT = "dwarf-with-dsym";
				ENABLE_NS_ASSERTIONS = NO;
				ENABLE_STRICT_OBJC_MSGSEND = YES;
				GCC_C_LANGUAGE_STANDARD = gnu11;
				GCC_NO_COMMON_BLOCKS = YES;
				GCC_WARN_64_TO_32_BIT_CONVERSION = YES;
				GCC_WARN_ABOUT_RETURN_TYPE = YES_ERROR;
				GCC_WARN_UNDECLARED_SELECTOR = YES;
				GCC_WARN_UNINITIALIZED_AUTOS = YES_AGGRESSIVE;
				GCC_WARN_UNUSED_FUNCTION = YES;
				GCC_WARN_UNUSED_VARIABLE = YES;
				IPHONEOS_DEPLOYMENT_TARGET = 15.2;
				MTL_ENABLE_DEBUG_INFO = NO;
				MTL_FAST_MATH = YES;
				SDKROOT = iphoneos;
				SWIFT_COMPILATION_MODE = wholemodule;
				SWIFT_OPTIMIZATION_LEVEL = "-O";
				VALIDATE_PRODUCT = YES;
			};
			name = Release;
		};
		B07994C2277FD39100E69ED8 /* Debug */ = {
			isa = XCBuildConfiguration;
			buildSettings = {
				ASSETCATALOG_COMPILER_APPICON_NAME = AppIcon;
				ASSETCATALOG_COMPILER_GLOBAL_ACCENT_COLOR_NAME = AccentColor;
				CODE_SIGN_STYLE = Automatic;
				CURRENT_PROJECT_VERSION = 1;
				DEVELOPMENT_ASSET_PATHS = "\"InstagramClone/Preview Content\"";
				DEVELOPMENT_TEAM = Y9227Y38J8;
				ENABLE_PREVIEWS = YES;
				GENERATE_INFOPLIST_FILE = YES;
				INFOPLIST_KEY_UIApplicationSceneManifest_Generation = YES;
				INFOPLIST_KEY_UIApplicationSupportsIndirectInputEvents = YES;
				INFOPLIST_KEY_UILaunchScreen_Generation = YES;
				INFOPLIST_KEY_UISupportedInterfaceOrientations_iPad = "UIInterfaceOrientationPortrait UIInterfaceOrientationPortraitUpsideDown UIInterfaceOrientationLandscapeLeft UIInterfaceOrientationLandscapeRight";
				INFOPLIST_KEY_UISupportedInterfaceOrientations_iPhone = "UIInterfaceOrientationPortrait UIInterfaceOrientationLandscapeLeft UIInterfaceOrientationLandscapeRight";
				LD_RUNPATH_SEARCH_PATHS = (
					"$(inherited)",
					"@executable_path/Frameworks",
				);
				MARKETING_VERSION = 1.0;
				PRODUCT_BUNDLE_IDENTIFIER = ca.paledoux.InstagramClone;
				PRODUCT_NAME = "$(TARGET_NAME)";
				SWIFT_EMIT_LOC_STRINGS = YES;
				SWIFT_VERSION = 5.0;
				TARGETED_DEVICE_FAMILY = "1,2";
			};
			name = Debug;
		};
		B07994C3277FD39100E69ED8 /* Release */ = {
			isa = XCBuildConfiguration;
			buildSettings = {
				ASSETCATALOG_COMPILER_APPICON_NAME = AppIcon;
				ASSETCATALOG_COMPILER_GLOBAL_ACCENT_COLOR_NAME = AccentColor;
				CODE_SIGN_STYLE = Automatic;
				CURRENT_PROJECT_VERSION = 1;
				DEVELOPMENT_ASSET_PATHS = "\"InstagramClone/Preview Content\"";
				DEVELOPMENT_TEAM = Y9227Y38J8;
				ENABLE_PREVIEWS = YES;
				GENERATE_INFOPLIST_FILE = YES;
				INFOPLIST_KEY_UIApplicationSceneManifest_Generation = YES;
				INFOPLIST_KEY_UIApplicationSupportsIndirectInputEvents = YES;
				INFOPLIST_KEY_UILaunchScreen_Generation = YES;
				INFOPLIST_KEY_UISupportedInterfaceOrientations_iPad = "UIInterfaceOrientationPortrait UIInterfaceOrientationPortraitUpsideDown UIInterfaceOrientationLandscapeLeft UIInterfaceOrientationLandscapeRight";
				INFOPLIST_KEY_UISupportedInterfaceOrientations_iPhone = "UIInterfaceOrientationPortrait UIInterfaceOrientationLandscapeLeft UIInterfaceOrientationLandscapeRight";
				LD_RUNPATH_SEARCH_PATHS = (
					"$(inherited)",
					"@executable_path/Frameworks",
				);
				MARKETING_VERSION = 1.0;
				PRODUCT_BUNDLE_IDENTIFIER = ca.paledoux.InstagramClone;
				PRODUCT_NAME = "$(TARGET_NAME)";
				SWIFT_EMIT_LOC_STRINGS = YES;
				SWIFT_VERSION = 5.0;
				TARGETED_DEVICE_FAMILY = "1,2";
			};
			name = Release;
		};
/* End XCBuildConfiguration section */

/* Begin XCConfigurationList section */
		B07994AE277FD38F00E69ED8 /* Build configuration list for PBXProject "InstagramClone" */ = {
			isa = XCConfigurationList;
			buildConfigurations = (
				B07994BF277FD39100E69ED8 /* Debug */,
				B07994C0277FD39100E69ED8 /* Release */,
			);
			defaultConfigurationIsVisible = 0;
			defaultConfigurationName = Release;
		};
		B07994C1277FD39100E69ED8 /* Build configuration list for PBXNativeTarget "InstagramClone" */ = {
			isa = XCConfigurationList;
			buildConfigurations = (
				B07994C2277FD39100E69ED8 /* Debug */,
				B07994C3277FD39100E69ED8 /* Release */,
			);
			defaultConfigurationIsVisible = 0;
			defaultConfigurationName = Release;
		};
/* End XCConfigurationList section */
	};
	rootObject = B07994AB277FD38F00E69ED8 /* Project object */;
}
